
Microsoft Visual Studio Solution File, Format Version 12.00
# Visual Studio 2015
Project("{FAE04EC0-301F-11D3-BF4B-00C04F79EFBC}") = "AR_House", "AR_House.csproj", "{B6D13C2D-3BFC-038D-1AF8-3502B9C24FB7}"
EndProject
Project("{FAE04EC0-301F-11D3-BF4B-00C04F79EFBC}") = "AR_House.Editor", "AR_House.Editor.csproj", "{93186DC4-E946-EF6B-D6F4-06B44843BB7C}"
EndProject
Global
	GlobalSection(SolutionConfigurationPlatforms) = preSolution
		Debug|Any CPU = Debug|Any CPU
		Release|Any CPU = Release|Any CPU
	EndGlobalSection
	GlobalSection(ProjectConfigurationPlatforms) = postSolution
		{B6D13C2D-3BFC-038D-1AF8-3502B9C24FB7}.Debug|Any CPU.ActiveCfg = Debug|Any CPU
		{B6D13C2D-3BFC-038D-1AF8-3502B9C24FB7}.Debug|Any CPU.Build.0 = Debug|Any CPU
		{B6D13C2D-3BFC-038D-1AF8-3502B9C24FB7}.Release|Any CPU.ActiveCfg = Release|Any CPU
		{B6D13C2D-3BFC-038D-1AF8-3502B9C24FB7}.Release|Any CPU.Build.0 = Release|Any CPU
		{93186DC4-E946-EF6B-D6F4-06B44843BB7C}.Debug|Any CPU.ActiveCfg = Debug|Any CPU
		{93186DC4-E946-EF6B-D6F4-06B44843BB7C}.Debug|Any CPU.Build.0 = Debug|Any CPU
		{93186DC4-E946-EF6B-D6F4-06B44843BB7C}.Release|Any CPU.ActiveCfg = Release|Any CPU
		{93186DC4-E946-EF6B-D6F4-06B44843BB7C}.Release|Any CPU.Build.0 = Release|Any CPU
	EndGlobalSection
	GlobalSection(SolutionProperties) = preSolution
		HideSolutionNode = FALSE
	EndGlobalSection
EndGlobal
