
Microsoft Visual Studio Solution File, Format Version 12.00
# Visual Studio 2015
Project("{FAE04EC0-301F-11D3-BF4B-00C04F79EFBC}") = "AR_House.CSharp", "AR_House.CSharp.csproj", "{5D0A6B69-0D8D-67B9-EC95-E667BBDDA22A}"
EndProject
Project("{FAE04EC0-301F-11D3-BF4B-00C04F79EFBC}") = "AR_House.CSharp.Editor", "AR_House.CSharp.Editor.csproj", "{A73BC1F3-3254-9AFE-65A8-E037F51063FD}"
EndProject
Global
	GlobalSection(SolutionConfigurationPlatforms) = preSolution
		Debug|Any CPU = Debug|Any CPU
		Release|Any CPU = Release|Any CPU
	EndGlobalSection
	GlobalSection(ProjectConfigurationPlatforms) = postSolution
		{5D0A6B69-0D8D-67B9-EC95-E667BBDDA22A}.Debug|Any CPU.ActiveCfg = Debug|Any CPU
		{5D0A6B69-0D8D-67B9-EC95-E667BBDDA22A}.Debug|Any CPU.Build.0 = Debug|Any CPU
		{5D0A6B69-0D8D-67B9-EC95-E667BBDDA22A}.Release|Any CPU.ActiveCfg = Release|Any CPU
		{5D0A6B69-0D8D-67B9-EC95-E667BBDDA22A}.Release|Any CPU.Build.0 = Release|Any CPU
		{A73BC1F3-3254-9AFE-65A8-E037F51063FD}.Debug|Any CPU.ActiveCfg = Debug|Any CPU
		{A73BC1F3-3254-9AFE-65A8-E037F51063FD}.Debug|Any CPU.Build.0 = Debug|Any CPU
		{A73BC1F3-3254-9AFE-65A8-E037F51063FD}.Release|Any CPU.ActiveCfg = Release|Any CPU
		{A73BC1F3-3254-9AFE-65A8-E037F51063FD}.Release|Any CPU.Build.0 = Release|Any CPU
	EndGlobalSection
	GlobalSection(SolutionProperties) = preSolution
		HideSolutionNode = FALSE
	EndGlobalSection
EndGlobal
